
Microsoft Visual Studio Solution File, Format Version 12.00
# Visual Studio 15
VisualStudioVersion = 15.0.27130.2020
MinimumVisualStudioVersion = 10.0.40219.1
Project("{2150E333-8FDC-42A3-9474-1A3956D46DE8}") = "Framework", "Framework", "{74406637-F4F0-4FA2-AB39-A1A9D0C3B160}"
EndProject
Project("{9A19103F-16F7-4668-BE54-9A1E7A4F7556}") = "Sherlock.Framework", "src\Framework\Sherlock.Framework\Sherlock.Framework.csproj", "{9C935321-8091-4E39-BB27-1C8A866ACD31}"
EndProject
Project("{9A19103F-16F7-4668-BE54-9A1E7A4F7556}") = "Sherlock.Framework.Caching.Redis", "src\Framework\Sherlock.Framework.Caching.Redis\Sherlock.Framework.Caching.Redis.csproj", "{612E146E-F155-47D3-8D1A-2E3A9AC51CBE}"
EndProject
Project("{9A19103F-16F7-4668-BE54-9A1E7A4F7556}") = "Sherlock.Framework.Data.Dapper", "src\Framework\Sherlock.Framework.Data.Dapper\Sherlock.Framework.Data.Dapper.csproj", "{3FED6BDE-5AD4-4361-8E53-9AD45E06223C}"
EndProject
Project("{9A19103F-16F7-4668-BE54-9A1E7A4F7556}") = "Sherlock.Framework.Web", "src\Framework\Sherlock.Framework.Web\Sherlock.Framework.Web.csproj", "{98391F4C-6391-4508-AEA8-0ACAFD6963D9}"
EndProject
Project("{9A19103F-16F7-4668-BE54-9A1E7A4F7556}") = "Sherlock.Framework.Web.Dapper", "src\Framework\Sherlock.Framework.Web.Dapper\Sherlock.Framework.Web.Dapper.csproj", "{8ACA9748-701B-4BF4-8C31-BC5C7FE7EA60}"
EndProject
Project("{2150E333-8FDC-42A3-9474-1A3956D46DE8}") = "sample", "sample", "{2F4E1E4F-E1C8-4DD5-91A0-DFFB07D846B6}"
EndProject
Project("{9A19103F-16F7-4668-BE54-9A1E7A4F7556}") = "Sherlock.MvcSample", "src\Samples\Sherlock.MvcSample\Sherlock.MvcSample.csproj", "{F29AEFD9-82D3-435E-82A3-35FB32D4E755}"
EndProject
Project("{FAE04EC0-301F-11D3-BF4B-00C04F79EFBC}") = "Sherlock.MvcSample.ApiModule", "src\Samples\Sherlock.MvcSample.ApiModule\Sherlock.MvcSample.ApiModule.csproj", "{58E783E9-0B31-4F86-AF8F-EA0D5158BDA2}"
EndProject
Project("{2150E333-8FDC-42A3-9474-1A3956D46DE8}") = "Tools", "Tools", "{1D662328-E846-43CA-9DAC-3C9C8B232CBC}"
EndProject
Project("{FAE04EC0-301F-11D3-BF4B-00C04F79EFBC}") = "Sherlock.Framework.Modularity.Tools.Vs2017", "src\Tools\Sherlock.Framework.Modularity.Tools.Vs2017\Sherlock.Framework.Modularity.Tools.Vs2017.csproj", "{F26884D4-A06E-4CEB-8279-F5EA52055446}"
EndProject
Project("{FAE04EC0-301F-11D3-BF4B-00C04F79EFBC}") = "Sherlock.Framework.Web.FluentValidation", "src\Framework\Sherlock.Framework.Web.FluentValidation\Sherlock.Framework.Web.FluentValidation.csproj", "{F96C22CB-F8D7-4C62-926C-842F28AF2EF1}"
EndProject
Global
	GlobalSection(SolutionConfigurationPlatforms) = preSolution
		Debug|Any CPU = Debug|Any CPU
		Release|Any CPU = Release|Any CPU
	EndGlobalSection
	GlobalSection(ProjectConfigurationPlatforms) = postSolution
		{9C935321-8091-4E39-BB27-1C8A866ACD31}.Debug|Any CPU.ActiveCfg = Debug|Any CPU
		{9C935321-8091-4E39-BB27-1C8A866ACD31}.Debug|Any CPU.Build.0 = Debug|Any CPU
		{9C935321-8091-4E39-BB27-1C8A866ACD31}.Release|Any CPU.ActiveCfg = Release|Any CPU
		{9C935321-8091-4E39-BB27-1C8A866ACD31}.Release|Any CPU.Build.0 = Release|Any CPU
		{612E146E-F155-47D3-8D1A-2E3A9AC51CBE}.Debug|Any CPU.ActiveCfg = Debug|Any CPU
		{612E146E-F155-47D3-8D1A-2E3A9AC51CBE}.Debug|Any CPU.Build.0 = Debug|Any CPU
		{612E146E-F155-47D3-8D1A-2E3A9AC51CBE}.Release|Any CPU.ActiveCfg = Release|Any CPU
		{612E146E-F155-47D3-8D1A-2E3A9AC51CBE}.Release|Any CPU.Build.0 = Release|Any CPU
		{3FED6BDE-5AD4-4361-8E53-9AD45E06223C}.Debug|Any CPU.ActiveCfg = Debug|Any CPU
		{3FED6BDE-5AD4-4361-8E53-9AD45E06223C}.Debug|Any CPU.Build.0 = Debug|Any CPU
		{3FED6BDE-5AD4-4361-8E53-9AD45E06223C}.Release|Any CPU.ActiveCfg = Release|Any CPU
		{3FED6BDE-5AD4-4361-8E53-9AD45E06223C}.Release|Any CPU.Build.0 = Release|Any CPU
		{98391F4C-6391-4508-AEA8-0ACAFD6963D9}.Debug|Any CPU.ActiveCfg = Debug|Any CPU
		{98391F4C-6391-4508-AEA8-0ACAFD6963D9}.Debug|Any CPU.Build.0 = Debug|Any CPU
		{98391F4C-6391-4508-AEA8-0ACAFD6963D9}.Release|Any CPU.ActiveCfg = Release|Any CPU
		{98391F4C-6391-4508-AEA8-0ACAFD6963D9}.Release|Any CPU.Build.0 = Release|Any CPU
		{8ACA9748-701B-4BF4-8C31-BC5C7FE7EA60}.Debug|Any CPU.ActiveCfg = Debug|Any CPU
		{8ACA9748-701B-4BF4-8C31-BC5C7FE7EA60}.Debug|Any CPU.Build.0 = Debug|Any CPU
		{8ACA9748-701B-4BF4-8C31-BC5C7FE7EA60}.Release|Any CPU.ActiveCfg = Release|Any CPU
		{8ACA9748-701B-4BF4-8C31-BC5C7FE7EA60}.Release|Any CPU.Build.0 = Release|Any CPU
		{F29AEFD9-82D3-435E-82A3-35FB32D4E755}.Debug|Any CPU.ActiveCfg = Debug|Any CPU
		{F29AEFD9-82D3-435E-82A3-35FB32D4E755}.Debug|Any CPU.Build.0 = Debug|Any CPU
		{F29AEFD9-82D3-435E-82A3-35FB32D4E755}.Release|Any CPU.ActiveCfg = Release|Any CPU
		{F29AEFD9-82D3-435E-82A3-35FB32D4E755}.Release|Any CPU.Build.0 = Release|Any CPU
		{58E783E9-0B31-4F86-AF8F-EA0D5158BDA2}.Debug|Any CPU.ActiveCfg = Debug|Any CPU
		{58E783E9-0B31-4F86-AF8F-EA0D5158BDA2}.Debug|Any CPU.Build.0 = Debug|Any CPU
		{58E783E9-0B31-4F86-AF8F-EA0D5158BDA2}.Release|Any CPU.ActiveCfg = Release|Any CPU
		{58E783E9-0B31-4F86-AF8F-EA0D5158BDA2}.Release|Any CPU.Build.0 = Release|Any CPU
		{F26884D4-A06E-4CEB-8279-F5EA52055446}.Debug|Any CPU.ActiveCfg = Debug|Any CPU
		{F26884D4-A06E-4CEB-8279-F5EA52055446}.Debug|Any CPU.Build.0 = Debug|Any CPU
		{F26884D4-A06E-4CEB-8279-F5EA52055446}.Release|Any CPU.ActiveCfg = Release|Any CPU
		{F26884D4-A06E-4CEB-8279-F5EA52055446}.Release|Any CPU.Build.0 = Release|Any CPU
		{F96C22CB-F8D7-4C62-926C-842F28AF2EF1}.Debug|Any CPU.ActiveCfg = Debug|Any CPU
		{F96C22CB-F8D7-4C62-926C-842F28AF2EF1}.Debug|Any CPU.Build.0 = Debug|Any CPU
		{F96C22CB-F8D7-4C62-926C-842F28AF2EF1}.Release|Any CPU.ActiveCfg = Release|Any CPU
		{F96C22CB-F8D7-4C62-926C-842F28AF2EF1}.Release|Any CPU.Build.0 = Release|Any CPU
	EndGlobalSection
	GlobalSection(SolutionProperties) = preSolution
		HideSolutionNode = FALSE
	EndGlobalSection
	GlobalSection(NestedProjects) = preSolution
		{9C935321-8091-4E39-BB27-1C8A866ACD31} = {74406637-F4F0-4FA2-AB39-A1A9D0C3B160}
		{612E146E-F155-47D3-8D1A-2E3A9AC51CBE} = {74406637-F4F0-4FA2-AB39-A1A9D0C3B160}
		{3FED6BDE-5AD4-4361-8E53-9AD45E06223C} = {74406637-F4F0-4FA2-AB39-A1A9D0C3B160}
		{98391F4C-6391-4508-AEA8-0ACAFD6963D9} = {74406637-F4F0-4FA2-AB39-A1A9D0C3B160}
		{8ACA9748-701B-4BF4-8C31-BC5C7FE7EA60} = {74406637-F4F0-4FA2-AB39-A1A9D0C3B160}
		{F29AEFD9-82D3-435E-82A3-35FB32D4E755} = {2F4E1E4F-E1C8-4DD5-91A0-DFFB07D846B6}
		{58E783E9-0B31-4F86-AF8F-EA0D5158BDA2} = {2F4E1E4F-E1C8-4DD5-91A0-DFFB07D846B6}
		{F26884D4-A06E-4CEB-8279-F5EA52055446} = {1D662328-E846-43CA-9DAC-3C9C8B232CBC}
		{F96C22CB-F8D7-4C62-926C-842F28AF2EF1} = {74406637-F4F0-4FA2-AB39-A1A9D0C3B160}
	EndGlobalSection
	GlobalSection(ExtensibilityGlobals) = postSolution
		SolutionGuid = {CB80B000-78F7-48C3-9F8E-CCE1087333A6}
	EndGlobalSection
EndGlobal
