
Microsoft Visual Studio Solution File, Format Version 12.00
# Visual Studio 15
VisualStudioVersion = 15.0.27130.2020
MinimumVisualStudioVersion = 10.0.40219.1
Project("{2150E333-8FDC-42A3-9474-1A3956D46DE8}") = "Solution Items", "Solution Items", "{E30ED16F-9F1B-44AE-B9D0-88F2A29D8129}"
	ProjectSection(SolutionItems) = preProject
		.gitignore = .gitignore
		assembly.snk = assembly.snk
		build-pack.bat = build-pack.bat
		CopyPackages.bat = CopyPackages.bat
		DapperLogMysql.sql = DapperLogMysql.sql
		del-bin.bat = del-bin.bat
		dependencies.props = dependencies.props
		GlobalAssemblyInfo.cs = GlobalAssemblyInfo.cs
		IdentityMysql.sql = IdentityMysql.sql
		README.md = README.md
		tfs_undo.txt = tfs_undo.txt
	EndProjectSection
EndProject
Project("{2150E333-8FDC-42A3-9474-1A3956D46DE8}") = "Framework", "Framework", "{64CA7A36-C115-4695-98EE-B02E98348B65}"
EndProject
Project("{2150E333-8FDC-42A3-9474-1A3956D46DE8}") = "Tools", "Tools", "{FB9258C5-5897-45B1-AFCA-130595ADEFD6}"
EndProject
Project("{2150E333-8FDC-42A3-9474-1A3956D46DE8}") = "schemas", "schemas", "{797DF403-B631-48C5-AF01-16B24DBD3531}"
	ProjectSection(SolutionItems) = preProject
		schemas\appsettings.json = schemas\appsettings.json
		schemas\catalog.json = schemas\catalog.json
		schemas\module.json = schemas\module.json
		schemas\ModuleSchema_V1.xsd = schemas\ModuleSchema_V1.xsd
	EndProjectSection
	ProjectSection(FolderGlobals) = preProject
		__JSONSchema = 
	EndProjectSection
EndProject
Project("{2150E333-8FDC-42A3-9474-1A3956D46DE8}") = "sample", "sample", "{73F422D2-9EC9-4E1D-9625-48B69661A45B}"
EndProject
Project("{9A19103F-16F7-4668-BE54-9A1E7A4F7556}") = "Sherlock.Framework", "src\Framework\Sherlock.Framework\Sherlock.Framework.csproj", "{272D146A-FAF8-4C2E-A62A-439B1E03CDD3}"
EndProject
Project("{9A19103F-16F7-4668-BE54-9A1E7A4F7556}") = "Sherlock.Framework.Web", "src\Framework\Sherlock.Framework.Web\Sherlock.Framework.Web.csproj", "{E6920510-A09D-461B-B3DF-5E2C5FB6A6C4}"
EndProject
Project("{9A19103F-16F7-4668-BE54-9A1E7A4F7556}") = "Sherlock.Framework.Caching.Redis", "src\Framework\Sherlock.Framework.Caching.Redis\Sherlock.Framework.Caching.Redis.csproj", "{DA676391-BB3A-47BC-BE33-5346D65D3414}"
EndProject
Project("{9A19103F-16F7-4668-BE54-9A1E7A4F7556}") = "Sherlock.Framework.Data.Dapper", "src\Framework\Sherlock.Framework.Data.Dapper\Sherlock.Framework.Data.Dapper.csproj", "{A119AA0D-C2E1-47FA-B568-86E10D6180CD}"
EndProject
Project("{9A19103F-16F7-4668-BE54-9A1E7A4F7556}") = "Sherlock.Framework.Web.Dapper", "src\Framework\Sherlock.Framework.Web.Dapper\Sherlock.Framework.Web.Dapper.csproj", "{A718381A-D1EF-4996-87EA-8A90379096F9}"
EndProject
Project("{9A19103F-16F7-4668-BE54-9A1E7A4F7556}") = "Sherlock.Framework.Web.FluentValidation", "src\Framework\Sherlock.Framework.Web.FluentValidation\Sherlock.Framework.Web.FluentValidation.csproj", "{132BF394-6F1F-4D8C-85FA-357CDFA01C51}"
EndProject
Project("{9A19103F-16F7-4668-BE54-9A1E7A4F7556}") = "Sherlock.Framework.Scheduling", "src\Framework\Sherlock.Framework.Scheduling\Sherlock.Framework.Scheduling.csproj", "{3FE376D1-501D-4FDA-95AE-8D4BCFF33644}"
EndProject
Project("{9A19103F-16F7-4668-BE54-9A1E7A4F7556}") = "Sherlock.Framework.Modularity.Tools.Vs2017", "src\Tooling\Sherlock.Framework.Modularity.Tools.Vs2017\Sherlock.Framework.Modularity.Tools.Vs2017.csproj", "{C765224C-2F7A-46BF-AA84-A76C013EB872}"
EndProject
Project("{9A19103F-16F7-4668-BE54-9A1E7A4F7556}") = "Sherlock.MvcSample", "src\Samples\Sherlock.MvcSample\Sherlock.MvcSample.csproj", "{7F80BB34-5A42-4D6E-B442-EB62821E9835}"
EndProject
Project("{9A19103F-16F7-4668-BE54-9A1E7A4F7556}") = "Sherlock.MvcSample.ApiModule", "src\Samples\Sherlock.MvcSample.ApiModule\Sherlock.MvcSample.ApiModule.csproj", "{E65E7D27-C26A-4F33-A98A-7F96E7154BD5}"
EndProject
Global
	GlobalSection(SolutionConfigurationPlatforms) = preSolution
		Debug|Any CPU = Debug|Any CPU
		Debug|ARM = Debug|ARM
		Debug|x64 = Debug|x64
		Debug|x86 = Debug|x86
		Release|Any CPU = Release|Any CPU
		Release|ARM = Release|ARM
		Release|x64 = Release|x64
		Release|x86 = Release|x86
	EndGlobalSection
	GlobalSection(ProjectConfigurationPlatforms) = postSolution
		{272D146A-FAF8-4C2E-A62A-439B1E03CDD3}.Debug|Any CPU.ActiveCfg = Debug|Any CPU
		{272D146A-FAF8-4C2E-A62A-439B1E03CDD3}.Debug|Any CPU.Build.0 = Debug|Any CPU
		{272D146A-FAF8-4C2E-A62A-439B1E03CDD3}.Debug|ARM.ActiveCfg = Debug|Any CPU
		{272D146A-FAF8-4C2E-A62A-439B1E03CDD3}.Debug|ARM.Build.0 = Debug|Any CPU
		{272D146A-FAF8-4C2E-A62A-439B1E03CDD3}.Debug|x64.ActiveCfg = Debug|Any CPU
		{272D146A-FAF8-4C2E-A62A-439B1E03CDD3}.Debug|x64.Build.0 = Debug|Any CPU
		{272D146A-FAF8-4C2E-A62A-439B1E03CDD3}.Debug|x86.ActiveCfg = Debug|Any CPU
		{272D146A-FAF8-4C2E-A62A-439B1E03CDD3}.Debug|x86.Build.0 = Debug|Any CPU
		{272D146A-FAF8-4C2E-A62A-439B1E03CDD3}.Release|Any CPU.ActiveCfg = Release|Any CPU
		{272D146A-FAF8-4C2E-A62A-439B1E03CDD3}.Release|Any CPU.Build.0 = Release|Any CPU
		{272D146A-FAF8-4C2E-A62A-439B1E03CDD3}.Release|ARM.ActiveCfg = Release|Any CPU
		{272D146A-FAF8-4C2E-A62A-439B1E03CDD3}.Release|ARM.Build.0 = Release|Any CPU
		{272D146A-FAF8-4C2E-A62A-439B1E03CDD3}.Release|x64.ActiveCfg = Release|Any CPU
		{272D146A-FAF8-4C2E-A62A-439B1E03CDD3}.Release|x64.Build.0 = Release|Any CPU
		{272D146A-FAF8-4C2E-A62A-439B1E03CDD3}.Release|x86.ActiveCfg = Release|Any CPU
		{272D146A-FAF8-4C2E-A62A-439B1E03CDD3}.Release|x86.Build.0 = Release|Any CPU
		{E6920510-A09D-461B-B3DF-5E2C5FB6A6C4}.Debug|Any CPU.ActiveCfg = Debug|Any CPU
		{E6920510-A09D-461B-B3DF-5E2C5FB6A6C4}.Debug|Any CPU.Build.0 = Debug|Any CPU
		{E6920510-A09D-461B-B3DF-5E2C5FB6A6C4}.Debug|ARM.ActiveCfg = Debug|Any CPU
		{E6920510-A09D-461B-B3DF-5E2C5FB6A6C4}.Debug|ARM.Build.0 = Debug|Any CPU
		{E6920510-A09D-461B-B3DF-5E2C5FB6A6C4}.Debug|x64.ActiveCfg = Debug|Any CPU
		{E6920510-A09D-461B-B3DF-5E2C5FB6A6C4}.Debug|x64.Build.0 = Debug|Any CPU
		{E6920510-A09D-461B-B3DF-5E2C5FB6A6C4}.Debug|x86.ActiveCfg = Debug|Any CPU
		{E6920510-A09D-461B-B3DF-5E2C5FB6A6C4}.Debug|x86.Build.0 = Debug|Any CPU
		{E6920510-A09D-461B-B3DF-5E2C5FB6A6C4}.Release|Any CPU.ActiveCfg = Release|Any CPU
		{E6920510-A09D-461B-B3DF-5E2C5FB6A6C4}.Release|Any CPU.Build.0 = Release|Any CPU
		{E6920510-A09D-461B-B3DF-5E2C5FB6A6C4}.Release|ARM.ActiveCfg = Release|Any CPU
		{E6920510-A09D-461B-B3DF-5E2C5FB6A6C4}.Release|ARM.Build.0 = Release|Any CPU
		{E6920510-A09D-461B-B3DF-5E2C5FB6A6C4}.Release|x64.ActiveCfg = Release|Any CPU
		{E6920510-A09D-461B-B3DF-5E2C5FB6A6C4}.Release|x64.Build.0 = Release|Any CPU
		{E6920510-A09D-461B-B3DF-5E2C5FB6A6C4}.Release|x86.ActiveCfg = Release|Any CPU
		{E6920510-A09D-461B-B3DF-5E2C5FB6A6C4}.Release|x86.Build.0 = Release|Any CPU
		{DA676391-BB3A-47BC-BE33-5346D65D3414}.Debug|Any CPU.ActiveCfg = Debug|Any CPU
		{DA676391-BB3A-47BC-BE33-5346D65D3414}.Debug|Any CPU.Build.0 = Debug|Any CPU
		{DA676391-BB3A-47BC-BE33-5346D65D3414}.Debug|ARM.ActiveCfg = Debug|Any CPU
		{DA676391-BB3A-47BC-BE33-5346D65D3414}.Debug|ARM.Build.0 = Debug|Any CPU
		{DA676391-BB3A-47BC-BE33-5346D65D3414}.Debug|x64.ActiveCfg = Debug|Any CPU
		{DA676391-BB3A-47BC-BE33-5346D65D3414}.Debug|x64.Build.0 = Debug|Any CPU
		{DA676391-BB3A-47BC-BE33-5346D65D3414}.Debug|x86.ActiveCfg = Debug|Any CPU
		{DA676391-BB3A-47BC-BE33-5346D65D3414}.Debug|x86.Build.0 = Debug|Any CPU
		{DA676391-BB3A-47BC-BE33-5346D65D3414}.Release|Any CPU.ActiveCfg = Release|Any CPU
		{DA676391-BB3A-47BC-BE33-5346D65D3414}.Release|Any CPU.Build.0 = Release|Any CPU
		{DA676391-BB3A-47BC-BE33-5346D65D3414}.Release|ARM.ActiveCfg = Release|Any CPU
		{DA676391-BB3A-47BC-BE33-5346D65D3414}.Release|ARM.Build.0 = Release|Any CPU
		{DA676391-BB3A-47BC-BE33-5346D65D3414}.Release|x64.ActiveCfg = Release|Any CPU
		{DA676391-BB3A-47BC-BE33-5346D65D3414}.Release|x64.Build.0 = Release|Any CPU
		{DA676391-BB3A-47BC-BE33-5346D65D3414}.Release|x86.ActiveCfg = Release|Any CPU
		{DA676391-BB3A-47BC-BE33-5346D65D3414}.Release|x86.Build.0 = Release|Any CPU
		{A119AA0D-C2E1-47FA-B568-86E10D6180CD}.Debug|Any CPU.ActiveCfg = Debug|Any CPU
		{A119AA0D-C2E1-47FA-B568-86E10D6180CD}.Debug|Any CPU.Build.0 = Debug|Any CPU
		{A119AA0D-C2E1-47FA-B568-86E10D6180CD}.Debug|ARM.ActiveCfg = Debug|Any CPU
		{A119AA0D-C2E1-47FA-B568-86E10D6180CD}.Debug|ARM.Build.0 = Debug|Any CPU
		{A119AA0D-C2E1-47FA-B568-86E10D6180CD}.Debug|x64.ActiveCfg = Debug|Any CPU
		{A119AA0D-C2E1-47FA-B568-86E10D6180CD}.Debug|x64.Build.0 = Debug|Any CPU
		{A119AA0D-C2E1-47FA-B568-86E10D6180CD}.Debug|x86.ActiveCfg = Debug|Any CPU
		{A119AA0D-C2E1-47FA-B568-86E10D6180CD}.Debug|x86.Build.0 = Debug|Any CPU
		{A119AA0D-C2E1-47FA-B568-86E10D6180CD}.Release|Any CPU.ActiveCfg = Release|Any CPU
		{A119AA0D-C2E1-47FA-B568-86E10D6180CD}.Release|Any CPU.Build.0 = Release|Any CPU
		{A119AA0D-C2E1-47FA-B568-86E10D6180CD}.Release|ARM.ActiveCfg = Release|Any CPU
		{A119AA0D-C2E1-47FA-B568-86E10D6180CD}.Release|ARM.Build.0 = Release|Any CPU
		{A119AA0D-C2E1-47FA-B568-86E10D6180CD}.Release|x64.ActiveCfg = Release|Any CPU
		{A119AA0D-C2E1-47FA-B568-86E10D6180CD}.Release|x64.Build.0 = Release|Any CPU
		{A119AA0D-C2E1-47FA-B568-86E10D6180CD}.Release|x86.ActiveCfg = Release|Any CPU
		{A119AA0D-C2E1-47FA-B568-86E10D6180CD}.Release|x86.Build.0 = Release|Any CPU
		{A718381A-D1EF-4996-87EA-8A90379096F9}.Debug|Any CPU.ActiveCfg = Debug|Any CPU
		{A718381A-D1EF-4996-87EA-8A90379096F9}.Debug|Any CPU.Build.0 = Debug|Any CPU
		{A718381A-D1EF-4996-87EA-8A90379096F9}.Debug|ARM.ActiveCfg = Debug|Any CPU
		{A718381A-D1EF-4996-87EA-8A90379096F9}.Debug|ARM.Build.0 = Debug|Any CPU
		{A718381A-D1EF-4996-87EA-8A90379096F9}.Debug|x64.ActiveCfg = Debug|Any CPU
		{A718381A-D1EF-4996-87EA-8A90379096F9}.Debug|x64.Build.0 = Debug|Any CPU
		{A718381A-D1EF-4996-87EA-8A90379096F9}.Debug|x86.ActiveCfg = Debug|Any CPU
		{A718381A-D1EF-4996-87EA-8A90379096F9}.Debug|x86.Build.0 = Debug|Any CPU
		{A718381A-D1EF-4996-87EA-8A90379096F9}.Release|Any CPU.ActiveCfg = Release|Any CPU
		{A718381A-D1EF-4996-87EA-8A90379096F9}.Release|Any CPU.Build.0 = Release|Any CPU
		{A718381A-D1EF-4996-87EA-8A90379096F9}.Release|ARM.ActiveCfg = Release|Any CPU
		{A718381A-D1EF-4996-87EA-8A90379096F9}.Release|ARM.Build.0 = Release|Any CPU
		{A718381A-D1EF-4996-87EA-8A90379096F9}.Release|x64.ActiveCfg = Release|Any CPU
		{A718381A-D1EF-4996-87EA-8A90379096F9}.Release|x64.Build.0 = Release|Any CPU
		{A718381A-D1EF-4996-87EA-8A90379096F9}.Release|x86.ActiveCfg = Release|Any CPU
		{A718381A-D1EF-4996-87EA-8A90379096F9}.Release|x86.Build.0 = Release|Any CPU
		{132BF394-6F1F-4D8C-85FA-357CDFA01C51}.Debug|Any CPU.ActiveCfg = Debug|Any CPU
		{132BF394-6F1F-4D8C-85FA-357CDFA01C51}.Debug|Any CPU.Build.0 = Debug|Any CPU
		{132BF394-6F1F-4D8C-85FA-357CDFA01C51}.Debug|ARM.ActiveCfg = Debug|Any CPU
		{132BF394-6F1F-4D8C-85FA-357CDFA01C51}.Debug|ARM.Build.0 = Debug|Any CPU
		{132BF394-6F1F-4D8C-85FA-357CDFA01C51}.Debug|x64.ActiveCfg = Debug|Any CPU
		{132BF394-6F1F-4D8C-85FA-357CDFA01C51}.Debug|x64.Build.0 = Debug|Any CPU
		{132BF394-6F1F-4D8C-85FA-357CDFA01C51}.Debug|x86.ActiveCfg = Debug|Any CPU
		{132BF394-6F1F-4D8C-85FA-357CDFA01C51}.Debug|x86.Build.0 = Debug|Any CPU
		{132BF394-6F1F-4D8C-85FA-357CDFA01C51}.Release|Any CPU.ActiveCfg = Release|Any CPU
		{132BF394-6F1F-4D8C-85FA-357CDFA01C51}.Release|Any CPU.Build.0 = Release|Any CPU
		{132BF394-6F1F-4D8C-85FA-357CDFA01C51}.Release|ARM.ActiveCfg = Release|Any CPU
		{132BF394-6F1F-4D8C-85FA-357CDFA01C51}.Release|ARM.Build.0 = Release|Any CPU
		{132BF394-6F1F-4D8C-85FA-357CDFA01C51}.Release|x64.ActiveCfg = Release|Any CPU
		{132BF394-6F1F-4D8C-85FA-357CDFA01C51}.Release|x64.Build.0 = Release|Any CPU
		{132BF394-6F1F-4D8C-85FA-357CDFA01C51}.Release|x86.ActiveCfg = Release|Any CPU
		{132BF394-6F1F-4D8C-85FA-357CDFA01C51}.Release|x86.Build.0 = Release|Any CPU
		{3FE376D1-501D-4FDA-95AE-8D4BCFF33644}.Debug|Any CPU.ActiveCfg = Debug|Any CPU
		{3FE376D1-501D-4FDA-95AE-8D4BCFF33644}.Debug|Any CPU.Build.0 = Debug|Any CPU
		{3FE376D1-501D-4FDA-95AE-8D4BCFF33644}.Debug|ARM.ActiveCfg = Debug|Any CPU
		{3FE376D1-501D-4FDA-95AE-8D4BCFF33644}.Debug|ARM.Build.0 = Debug|Any CPU
		{3FE376D1-501D-4FDA-95AE-8D4BCFF33644}.Debug|x64.ActiveCfg = Debug|Any CPU
		{3FE376D1-501D-4FDA-95AE-8D4BCFF33644}.Debug|x64.Build.0 = Debug|Any CPU
		{3FE376D1-501D-4FDA-95AE-8D4BCFF33644}.Debug|x86.ActiveCfg = Debug|Any CPU
		{3FE376D1-501D-4FDA-95AE-8D4BCFF33644}.Debug|x86.Build.0 = Debug|Any CPU
		{3FE376D1-501D-4FDA-95AE-8D4BCFF33644}.Release|Any CPU.ActiveCfg = Release|Any CPU
		{3FE376D1-501D-4FDA-95AE-8D4BCFF33644}.Release|Any CPU.Build.0 = Release|Any CPU
		{3FE376D1-501D-4FDA-95AE-8D4BCFF33644}.Release|ARM.ActiveCfg = Release|Any CPU
		{3FE376D1-501D-4FDA-95AE-8D4BCFF33644}.Release|ARM.Build.0 = Release|Any CPU
		{3FE376D1-501D-4FDA-95AE-8D4BCFF33644}.Release|x64.ActiveCfg = Release|Any CPU
		{3FE376D1-501D-4FDA-95AE-8D4BCFF33644}.Release|x64.Build.0 = Release|Any CPU
		{3FE376D1-501D-4FDA-95AE-8D4BCFF33644}.Release|x86.ActiveCfg = Release|Any CPU
		{3FE376D1-501D-4FDA-95AE-8D4BCFF33644}.Release|x86.Build.0 = Release|Any CPU
		{C765224C-2F7A-46BF-AA84-A76C013EB872}.Debug|Any CPU.ActiveCfg = Debug|Any CPU
		{C765224C-2F7A-46BF-AA84-A76C013EB872}.Debug|Any CPU.Build.0 = Debug|Any CPU
		{C765224C-2F7A-46BF-AA84-A76C013EB872}.Debug|ARM.ActiveCfg = Debug|Any CPU
		{C765224C-2F7A-46BF-AA84-A76C013EB872}.Debug|ARM.Build.0 = Debug|Any CPU
		{C765224C-2F7A-46BF-AA84-A76C013EB872}.Debug|x64.ActiveCfg = Debug|Any CPU
		{C765224C-2F7A-46BF-AA84-A76C013EB872}.Debug|x64.Build.0 = Debug|Any CPU
		{C765224C-2F7A-46BF-AA84-A76C013EB872}.Debug|x86.ActiveCfg = Debug|Any CPU
		{C765224C-2F7A-46BF-AA84-A76C013EB872}.Debug|x86.Build.0 = Debug|Any CPU
		{C765224C-2F7A-46BF-AA84-A76C013EB872}.Release|Any CPU.ActiveCfg = Release|Any CPU
		{C765224C-2F7A-46BF-AA84-A76C013EB872}.Release|Any CPU.Build.0 = Release|Any CPU
		{C765224C-2F7A-46BF-AA84-A76C013EB872}.Release|ARM.ActiveCfg = Release|Any CPU
		{C765224C-2F7A-46BF-AA84-A76C013EB872}.Release|ARM.Build.0 = Release|Any CPU
		{C765224C-2F7A-46BF-AA84-A76C013EB872}.Release|x64.ActiveCfg = Release|Any CPU
		{C765224C-2F7A-46BF-AA84-A76C013EB872}.Release|x64.Build.0 = Release|Any CPU
		{C765224C-2F7A-46BF-AA84-A76C013EB872}.Release|x86.ActiveCfg = Release|Any CPU
		{C765224C-2F7A-46BF-AA84-A76C013EB872}.Release|x86.Build.0 = Release|Any CPU
		{7F80BB34-5A42-4D6E-B442-EB62821E9835}.Debug|Any CPU.ActiveCfg = Debug|Any CPU
		{7F80BB34-5A42-4D6E-B442-EB62821E9835}.Debug|Any CPU.Build.0 = Debug|Any CPU
		{7F80BB34-5A42-4D6E-B442-EB62821E9835}.Debug|ARM.ActiveCfg = Debug|Any CPU
		{7F80BB34-5A42-4D6E-B442-EB62821E9835}.Debug|ARM.Build.0 = Debug|Any CPU
		{7F80BB34-5A42-4D6E-B442-EB62821E9835}.Debug|x64.ActiveCfg = Debug|Any CPU
		{7F80BB34-5A42-4D6E-B442-EB62821E9835}.Debug|x64.Build.0 = Debug|Any CPU
		{7F80BB34-5A42-4D6E-B442-EB62821E9835}.Debug|x86.ActiveCfg = Debug|Any CPU
		{7F80BB34-5A42-4D6E-B442-EB62821E9835}.Debug|x86.Build.0 = Debug|Any CPU
		{7F80BB34-5A42-4D6E-B442-EB62821E9835}.Release|Any CPU.ActiveCfg = Release|Any CPU
		{7F80BB34-5A42-4D6E-B442-EB62821E9835}.Release|Any CPU.Build.0 = Release|Any CPU
		{7F80BB34-5A42-4D6E-B442-EB62821E9835}.Release|ARM.ActiveCfg = Release|Any CPU
		{7F80BB34-5A42-4D6E-B442-EB62821E9835}.Release|ARM.Build.0 = Release|Any CPU
		{7F80BB34-5A42-4D6E-B442-EB62821E9835}.Release|x64.ActiveCfg = Release|Any CPU
		{7F80BB34-5A42-4D6E-B442-EB62821E9835}.Release|x64.Build.0 = Release|Any CPU
		{7F80BB34-5A42-4D6E-B442-EB62821E9835}.Release|x86.ActiveCfg = Release|Any CPU
		{7F80BB34-5A42-4D6E-B442-EB62821E9835}.Release|x86.Build.0 = Release|Any CPU
		{E65E7D27-C26A-4F33-A98A-7F96E7154BD5}.Debug|Any CPU.ActiveCfg = Debug|Any CPU
		{E65E7D27-C26A-4F33-A98A-7F96E7154BD5}.Debug|Any CPU.Build.0 = Debug|Any CPU
		{E65E7D27-C26A-4F33-A98A-7F96E7154BD5}.Debug|ARM.ActiveCfg = Debug|Any CPU
		{E65E7D27-C26A-4F33-A98A-7F96E7154BD5}.Debug|ARM.Build.0 = Debug|Any CPU
		{E65E7D27-C26A-4F33-A98A-7F96E7154BD5}.Debug|x64.ActiveCfg = Debug|Any CPU
		{E65E7D27-C26A-4F33-A98A-7F96E7154BD5}.Debug|x64.Build.0 = Debug|Any CPU
		{E65E7D27-C26A-4F33-A98A-7F96E7154BD5}.Debug|x86.ActiveCfg = Debug|Any CPU
		{E65E7D27-C26A-4F33-A98A-7F96E7154BD5}.Debug|x86.Build.0 = Debug|Any CPU
		{E65E7D27-C26A-4F33-A98A-7F96E7154BD5}.Release|Any CPU.ActiveCfg = Release|Any CPU
		{E65E7D27-C26A-4F33-A98A-7F96E7154BD5}.Release|Any CPU.Build.0 = Release|Any CPU
		{E65E7D27-C26A-4F33-A98A-7F96E7154BD5}.Release|ARM.ActiveCfg = Release|Any CPU
		{E65E7D27-C26A-4F33-A98A-7F96E7154BD5}.Release|ARM.Build.0 = Release|Any CPU
		{E65E7D27-C26A-4F33-A98A-7F96E7154BD5}.Release|x64.ActiveCfg = Release|Any CPU
		{E65E7D27-C26A-4F33-A98A-7F96E7154BD5}.Release|x64.Build.0 = Release|Any CPU
		{E65E7D27-C26A-4F33-A98A-7F96E7154BD5}.Release|x86.ActiveCfg = Release|Any CPU
		{E65E7D27-C26A-4F33-A98A-7F96E7154BD5}.Release|x86.Build.0 = Release|Any CPU
	EndGlobalSection
	GlobalSection(SolutionProperties) = preSolution
		HideSolutionNode = FALSE
	EndGlobalSection
	GlobalSection(NestedProjects) = preSolution
		{797DF403-B631-48C5-AF01-16B24DBD3531} = {E30ED16F-9F1B-44AE-B9D0-88F2A29D8129}
		{272D146A-FAF8-4C2E-A62A-439B1E03CDD3} = {64CA7A36-C115-4695-98EE-B02E98348B65}
		{E6920510-A09D-461B-B3DF-5E2C5FB6A6C4} = {64CA7A36-C115-4695-98EE-B02E98348B65}
		{DA676391-BB3A-47BC-BE33-5346D65D3414} = {64CA7A36-C115-4695-98EE-B02E98348B65}
		{A119AA0D-C2E1-47FA-B568-86E10D6180CD} = {64CA7A36-C115-4695-98EE-B02E98348B65}
		{A718381A-D1EF-4996-87EA-8A90379096F9} = {64CA7A36-C115-4695-98EE-B02E98348B65}
		{132BF394-6F1F-4D8C-85FA-357CDFA01C51} = {64CA7A36-C115-4695-98EE-B02E98348B65}
		{3FE376D1-501D-4FDA-95AE-8D4BCFF33644} = {64CA7A36-C115-4695-98EE-B02E98348B65}
		{C765224C-2F7A-46BF-AA84-A76C013EB872} = {FB9258C5-5897-45B1-AFCA-130595ADEFD6}
		{7F80BB34-5A42-4D6E-B442-EB62821E9835} = {73F422D2-9EC9-4E1D-9625-48B69661A45B}
		{E65E7D27-C26A-4F33-A98A-7F96E7154BD5} = {73F422D2-9EC9-4E1D-9625-48B69661A45B}
	EndGlobalSection
	GlobalSection(ExtensibilityGlobals) = postSolution
		SolutionGuid = {691B179E-672D-4C80-8F2D-5D48FBBCAAAB}
	EndGlobalSection
EndGlobal
